PODS:
  - FlutterMacOS (1.0.0)
  - sherpa_onnx_macos (1.12.29):
    - FlutterMacOS

DEPENDENCIES:
  - FlutterMacOS (from `Flutter/ephemeral`)
  - sherpa_onnx_macos (from `Flutter/ephemeral/.symlinks/plugins/sherpa_onnx_macos/macos`)

EXTERNAL SOURCES:
  FlutterMacOS:
    :path: Flutter/ephemeral
  sherpa_onnx_macos:
    :path: Flutter/ephemeral/.symlinks/plugins/sherpa_onnx_macos/macos

SPEC CHECKSUMS:
  FlutterMacOS: d0db08ddef1a9af05a5ec4b724367152bb0500b1
  sherpa_onnx_macos: 7df9304998beeb52bced027e7c22312c23037bc8

PODFILE CHECKSUM: 54d867c82ac51cbd61b565781b9fada492027009

COCOAPODS: 1.16.2
